
Microsoft Visual Studio Solution File, Format Version 12.00
# Visual Studio Version 17
VisualStudioVersion = 17.3.32929.385
MinimumVisualStudioVersion = 10.0.40219.1
Project("{FAE04EC0-301F-11D3-BF4B-00C04F79EFBC}") = "Chance", "Chance\Chance.csproj", "{D19FA257-899A-4590-ACEA-C04978C9F98A}"
EndProject
Global
	GlobalSection(SolutionConfigurationPlatforms) = preSolution
		Debug|Any CPU = Debug|Any CPU
		Release|Any CPU = Release|Any CPU
	EndGlobalSection
	GlobalSection(ProjectConfigurationPlatforms) = postSolution
		{D19FA257-899A-4590-ACEA-C04978C9F98A}.Debug|Any CPU.ActiveCfg = Debug|Any CPU
		{D19FA257-899A-4590-ACEA-C04978C9F98A}.Debug|Any CPU.Build.0 = Debug|Any CPU
		{D19FA257-899A-4590-ACEA-C04978C9F98A}.Release|Any CPU.ActiveCfg = Release|Any CPU
		{D19FA257-899A-4590-ACEA-C04978C9F98A}.Release|Any CPU.Build.0 = Release|Any CPU
	EndGlobalSection
	GlobalSection(SolutionProperties) = preSolution
		HideSolutionNode = FALSE
	EndGlobalSection
	GlobalSection(ExtensibilityGlobals) = postSolution
		SolutionGuid = {35F99681-A127-432C-976A-D39E0CB19F1A}
	EndGlobalSection
EndGlobal
